
Microsoft Visual Studio Solution File, Format Version 12.00
# Visual Studio Version 17
VisualStudioVersion = 17.6.33829.357
MinimumVisualStudioVersion = 10.0.40219.1
Project("{9A19103F-16F7-4668-BE54-9A1E7A4F7556}") = "API", "Sexta-FeiraAPI\API.csproj", "{98BFF93A-86DE-4770-99F2-776F4758919C}"
EndProject
Project("{00D1A9C2-B5F0-4AF3-8072-F6C62B433612}") = "Datatools", "Datatools\Datatools.sqlproj", "{51F19474-523F-464A-9D67-679E9332833C}"
EndProject
Global
	GlobalSection(SolutionConfigurationPlatforms) = preSolution
		Debug|Any CPU = Debug|Any CPU
		Release|Any CPU = Release|Any CPU
	EndGlobalSection
	GlobalSection(ProjectConfigurationPlatforms) = postSolution
		{98BFF93A-86DE-4770-99F2-776F4758919C}.Debug|Any CPU.ActiveCfg = Debug|Any CPU
		{98BFF93A-86DE-4770-99F2-776F4758919C}.Debug|Any CPU.Build.0 = Debug|Any CPU
		{98BFF93A-86DE-4770-99F2-776F4758919C}.Release|Any CPU.ActiveCfg = Release|Any CPU
		{98BFF93A-86DE-4770-99F2-776F4758919C}.Release|Any CPU.Build.0 = Release|Any CPU
		{51F19474-523F-464A-9D67-679E9332833C}.Debug|Any CPU.ActiveCfg = Debug|Any CPU
		{51F19474-523F-464A-9D67-679E9332833C}.Debug|Any CPU.Build.0 = Debug|Any CPU
		{51F19474-523F-464A-9D67-679E9332833C}.Debug|Any CPU.Deploy.0 = Debug|Any CPU
		{51F19474-523F-464A-9D67-679E9332833C}.Release|Any CPU.ActiveCfg = Release|Any CPU
		{51F19474-523F-464A-9D67-679E9332833C}.Release|Any CPU.Build.0 = Release|Any CPU
		{51F19474-523F-464A-9D67-679E9332833C}.Release|Any CPU.Deploy.0 = Release|Any CPU
	EndGlobalSection
	GlobalSection(SolutionProperties) = preSolution
		HideSolutionNode = FALSE
	EndGlobalSection
	GlobalSection(ExtensibilityGlobals) = postSolution
		SolutionGuid = {1BACBE00-04C4-4167-9D5E-7B204AD6ABE6}
	EndGlobalSection
EndGlobal
